{
  "name": "pear-appling-pearpass-app-desktop",
  "lockfileVersion": 3,
  "requires": true,
  "packages": {
    "": {
      "name": "pear-appling-pearpass-app-desktop",
      "license": "Apache-2.0",
      "devDependencies": {
        "cmake-pear": "^3.0.0"
      }
    },
    "node_modules/cmake-app-image": {
      "version": "1.0.3",
      "resolved": "https://registry.npmjs.org/cmake-app-image/-/cmake-app-image-1.0.3.tgz",
      "integrity": "sha512-KcIY3oWcWRIQVW8jKh1GLx5KJUWgCeNseAxozT5NXuf1P+H0AP7W9mS71JA8fco3zyNuWuPvH/OpIbMo0lU12A==",
      "dev": true,
      "license": "Apache-2.0"
    },
    "node_modules/cmake-bare": {
      "version": "1.7.6",
      "resolved": "https://registry.npmjs.org/cmake-bare/-/cmake-bare-1.7.6.tgz",
      "integrity": "sha512-FrKS6bG5A5ieITrygx10LZBENOQ6FH4NEZ09Uajy2IcZ/PIyRmPV1GmYqYWzT6rjwAteDxXVD4K3P8v87IXdKg==",
      "dev": true,
      "license": "Apache-2.0",
      "dependencies": {
        "cmake-npm": "^1.1.0"
      }
    },
    "node_modules/cmake-fetch": {
      "version": "1.4.8",
      "resolved": "https://registry.npmjs.org/cmake-fetch/-/cmake-fetch-1.4.8.tgz",
      "integrity": "sha512-4qnE1AMpeNycZOxWqGv7ryiQCVLzO4BrcU5oM53aeIpD/V1ZMgvNW1t8NRoZTiP13QjC1HLCu2mX9/Ycj0iq1g==",
      "dev": true,
      "license": "Apache-2.0"
    },
    "node_modules/cmake-macos": {
      "version": "1.0.0",
      "resolved": "https://registry.npmjs.org/cmake-macos/-/cmake-macos-1.0.0.tgz",
      "integrity": "sha512-WOzzUHzflynXF8c7m5CESz49vVtej+5l7kSdupg9hXXmT2AxgD2YBqWCbvcanxHeV8EIZTTWSO1VE40UFx4V/A==",
      "dev": true,
      "license": "Apache-2.0"
    },
    "node_modules/cmake-msix": {
      "version": "1.0.3",
      "resolved": "https://registry.npmjs.org/cmake-msix/-/cmake-msix-1.0.3.tgz",
      "integrity": "sha512-OoUbHjkJbC8ojjNhx3bRSUCI7asS2rUKPygo6M6FxWLWLyQLBU66QHrsi5JdgcxA7JR5vK90MA01qdSW/S3aTQ==",
      "dev": true,
      "license": "Apache-2.0",
      "dependencies": {
        "cmake-windows": "^1.0.0"
      }
    },
    "node_modules/cmake-npm": {
      "version": "1.1.0",
      "resolved": "https://registry.npmjs.org/cmake-npm/-/cmake-npm-1.1.0.tgz",
      "integrity": "sha512-+mM1ykb4k0bSR5afW0LcVLEf1rd00o95m8PeotnCfXcsnEQ++TKrf86noO4G9uLGrvgKi9kD1BJvaZyN4G8CDw==",
      "dev": true,
      "license": "Apache-2.0"
    },
    "node_modules/cmake-pear": {
      "version": "3.0.5",
      "resolved": "https://registry.npmjs.org/cmake-pear/-/cmake-pear-3.0.5.tgz",
      "integrity": "sha512-+AX7i1bDoohBdQKMvwFC/IUQamEaO6Ch0YfSi2EfNYgqfhLvI4mjou8Dy9urZRcobp20ptZsBZfjNU9qNPRa/A==",
      "dev": true,
      "license": "Apache-2.0",
      "dependencies": {
        "cmake-app-image": "^1.0.0",
        "cmake-bare": "^1.1.17",
        "cmake-fetch": "^1.4.1",
        "cmake-macos": "^1.0.0",
        "cmake-msix": "^1.0.1",
        "cmake-windows": "^1.0.0"
      }
    },
    "node_modules/cmake-windows": {
      "version": "1.0.1",
      "resolved": "https://registry.npmjs.org/cmake-windows/-/cmake-windows-1.0.1.tgz",
      "integrity": "sha512-H1r2qUaP93XWNrd26g5/gnp5S/O/nZlgHkhFdsNxFKZLvcRkZyCgV7sPNQmpQPDSjo51Mi4z5poN/zMiMPKuZQ==",
      "dev": true,
      "license": "Apache-2.0"
    }
  }
}
